
Microsoft Visual Studio Solution File, Format Version 12.00
# Visual Studio Version 17
VisualStudioVersion = 17.7.34024.191
MinimumVisualStudioVersion = 10.0.40219.1
Project("{FAE04EC0-301F-11D3-BF4B-00C04F79EFBC}") = "Ovning5", "Ovning5\Ovning5.csproj", "{B252B99E-C2C4-43CA-A213-855D17264047}"
EndProject
Global
	GlobalSection(SolutionConfigurationPlatforms) = preSolution
		Debug|Any CPU = Debug|Any CPU
		Release|Any CPU = Release|Any CPU
	EndGlobalSection
	GlobalSection(ProjectConfigurationPlatforms) = postSolution
		{B252B99E-C2C4-43CA-A213-855D17264047}.Debug|Any CPU.ActiveCfg = Debug|Any CPU
		{B252B99E-C2C4-43CA-A213-855D17264047}.Debug|Any CPU.Build.0 = Debug|Any CPU
		{B252B99E-C2C4-43CA-A213-855D17264047}.Release|Any CPU.ActiveCfg = Release|Any CPU
		{B252B99E-C2C4-43CA-A213-855D17264047}.Release|Any CPU.Build.0 = Release|Any CPU
	EndGlobalSection
	GlobalSection(SolutionProperties) = preSolution
		HideSolutionNode = FALSE
	EndGlobalSection
	GlobalSection(ExtensibilityGlobals) = postSolution
		SolutionGuid = {6531D806-7DC2-430C-A486-2ABD71DB4A2D}
	EndGlobalSection
EndGlobal
